# THIS IS AN AUTOGENERATED FILE. DO NOT EDIT THIS FILE DIRECTLY.
# yarn lockfile v1


"@brigadecore/brigadier@^2.0.0-beta.3":
  version "2.0.0-beta.3"
  resolved "https://registry.yarnpkg.com/@brigadecore/brigadier/-/brigadier-2.0.0-beta.3.tgz#ca8d60129f18ba84dcca77f28f534c9ccbed4a43"
  integrity sha512-tOfJ1jnnRR80pMfN6NPsG3AJqgoefUHrzFOcLZHGoz2OdIG+Q10GzM8Km32r+LnhPImWQ0V4PVi06fGP2q1+bQ==
  dependencies:
    "@types/node" "^14.14.11"
    typescript "4.1.6"

"@types/node@^14.14.11":
  version "14.17.6"
  resolved "https://registry.yarnpkg.com/@types/node/-/node-14.17.6.tgz#cc61c8361c89e70c468cda464d1fa3dd7e5ebd62"
  integrity sha512-iBxsxU7eswQDGhlr3AiamBxOssaYxbM+NKXVil8jg9yFXvrfEFbDumLD/2dMTB+zYyg7w+Xjt8yuxfdbUHAtcQ==

typescript@4.1.6:
  version "4.1.6"
  resolved "https://registry.yarnpkg.com/typescript/-/typescript-4.1.6.tgz#1becd85d77567c3c741172339e93ce2e69932138"
  integrity sha512-pxnwLxeb/Z5SP80JDRzVjh58KsM6jZHRAOtTpS7sXLS4ogXNKC9ANxHHZqLLeVHZN35jCtI4JdmLLbLiC1kBow==
